
Microsoft Visual Studio Solution File, Format Version 12.00
# Visual Studio Version 17
VisualStudioVersion = 17.7.34221.43
MinimumVisualStudioVersion = 10.0.40219.1
Project("{FAE04EC0-301F-11D3-BF4B-00C04F79EFBC}") = "TraineeSenai", "TraineeSenai\TraineeSenai.csproj", "{29346AF4-918D-4E06-8F47-0572C8B3F063}"
EndProject
Global
	GlobalSection(SolutionConfigurationPlatforms) = preSolution
		Debug|Any CPU = Debug|Any CPU
		Release|Any CPU = Release|Any CPU
	EndGlobalSection
	GlobalSection(ProjectConfigurationPlatforms) = postSolution
		{29346AF4-918D-4E06-8F47-0572C8B3F063}.Debug|Any CPU.ActiveCfg = Debug|Any CPU
		{29346AF4-918D-4E06-8F47-0572C8B3F063}.Debug|Any CPU.Build.0 = Debug|Any CPU
		{29346AF4-918D-4E06-8F47-0572C8B3F063}.Release|Any CPU.ActiveCfg = Release|Any CPU
		{29346AF4-918D-4E06-8F47-0572C8B3F063}.Release|Any CPU.Build.0 = Release|Any CPU
	EndGlobalSection
	GlobalSection(SolutionProperties) = preSolution
		HideSolutionNode = FALSE
	EndGlobalSection
	GlobalSection(ExtensibilityGlobals) = postSolution
		SolutionGuid = {7F26B599-2EB6-4626-B349-B7CBF3EA0A7E}
	EndGlobalSection
EndGlobal
